// !$*UTF8*$!
{
	archiveVersion = 1;
	classes = {
	};
	objectVersion = 51;
	objects = {

/* Begin PBXBuildFile section */
		6FA713B188915215BF82C9C2 /* Pods_STInterViewProject.framework in Frameworks */ = {isa = PBXBuildFile; fileRef = 126C176B0DA1969935C02C65 /* Pods_STInterViewProject.framework */; };
		E4042190273F504400E5C924 /* STFileManager.m in Sources */ = {isa = PBXBuildFile; fileRef = E404218F273F504400E5C924 /* STFileManager.m */; };
		E43B7CA226EA01080029AF20 /* main.m in Sources */ = {isa = PBXBuildFile; fileRef = E43B7CA126EA01080029AF20 /* main.m */; };
		E43B7CAD26EA01670029AF20 /* STLRUCache.c in Sources */ = {isa = PBXBuildFile; fileRef = E43B7CAC26EA01670029AF20 /* STLRUCache.c */; };
		E448009927431F67006CFF4C /* STRunloopViewController.m in Sources */ = {isa = PBXBuildFile; fileRef = E448009727431F67006CFF4C /* STRunloopViewController.m */; };
		E448009A27431F67006CFF4C /* STRunloopViewController.xib in Resources */ = {isa = PBXBuildFile; fileRef = E448009827431F67006CFF4C /* STRunloopViewController.xib */; };
		E448009E27432547006CFF4C /* STRunloopTableViewCell.m in Sources */ = {isa = PBXBuildFile; fileRef = E448009C27432547006CFF4C /* STRunloopTableViewCell.m */; };
		E448009F27432547006CFF4C /* STRunloopTableViewCell.xib in Resources */ = {isa = PBXBuildFile; fileRef = E448009D27432547006CFF4C /* STRunloopTableViewCell.xib */; };
		E44800A72743993B006CFF4C /* STWebViewViewController.m in Sources */ = {isa = PBXBuildFile; fileRef = E44800A52743993B006CFF4C /* STWebViewViewController.m */; };
		E44800A82743993B006CFF4C /* STWebViewViewController.xib in Resources */ = {isa = PBXBuildFile; fileRef = E44800A62743993B006CFF4C /* STWebViewViewController.xib */; };
		E46216B3268181840048C004 /* main.m in Sources */ = {isa = PBXBuildFile; fileRef = E46216B2268181840048C004 /* main.m */; };
		E48EF5B724EE287E0018D0FD /* AppDelegate.m in Sources */ = {isa = PBXBuildFile; fileRef = E48EF5B624EE287E0018D0FD /* AppDelegate.m */; };
		E48EF5BA24EE287E0018D0FD /* SceneDelegate.m in Sources */ = {isa = PBXBuildFile; fileRef = E48EF5B924EE287E0018D0FD /* SceneDelegate.m */; };
		E48EF5BD24EE287E0018D0FD /* ViewController.m in Sources */ = {isa = PBXBuildFile; fileRef = E48EF5BC24EE287E0018D0FD /* ViewController.m */; };
		E48EF5C024EE287E0018D0FD /* Main.storyboard in Resources */ = {isa = PBXBuildFile; fileRef = E48EF5BE24EE287E0018D0FD /* Main.storyboard */; };
		E48EF5C224EE28830018D0FD /* Assets.xcassets in Resources */ = {isa = PBXBuildFile; fileRef = E48EF5C124EE28830018D0FD /* Assets.xcassets */; };
		E48EF5C524EE28830018D0FD /* LaunchScreen.storyboard in Resources */ = {isa = PBXBuildFile; fileRef = E48EF5C324EE28830018D0FD /* LaunchScreen.storyboard */; };
		E48EF5C824EE28830018D0FD /* main.m in Sources */ = {isa = PBXBuildFile; fileRef = E48EF5C724EE28830018D0FD /* main.m */; };
		E48EF5EC24EE4C700018D0FD /* STAnimation.m in Sources */ = {isa = PBXBuildFile; fileRef = E48EF5EB24EE4C700018D0FD /* STAnimation.m */; };
		E48EF5EF24EE4C830018D0FD /* STAnimation+STPerson.m in Sources */ = {isa = PBXBuildFile; fileRef = E48EF5EE24EE4C830018D0FD /* STAnimation+STPerson.m */; };
		E48EF5F224EE4FDB0018D0FD /* STAnimation+STDog.m in Sources */ = {isa = PBXBuildFile; fileRef = E48EF5F124EE4FDB0018D0FD /* STAnimation+STDog.m */; };
		E491157E271482EB00851F43 /* STSaleTickets.m in Sources */ = {isa = PBXBuildFile; fileRef = E491157D271482EB00851F43 /* STSaleTickets.m */; };
		E49A10A92609DBBF002C5C9C /* STKVOTest.m in Sources */ = {isa = PBXBuildFile; fileRef = E49A10A82609DBBF002C5C9C /* STKVOTest.m */; };
		E49A10AF2609DBCB002C5C9C /* STKVOModel.m in Sources */ = {isa = PBXBuildFile; fileRef = E49A10AE2609DBCB002C5C9C /* STKVOModel.m */; };
		E49A10B8260C8BF9002C5C9C /* STMultiThreadTest.m in Sources */ = {isa = PBXBuildFile; fileRef = E49A10B7260C8BF9002C5C9C /* STMultiThreadTest.m */; };
		E49A10BE260C8C7D002C5C9C /* STOSSpinLock.m in Sources */ = {isa = PBXBuildFile; fileRef = E49A10BD260C8C7D002C5C9C /* STOSSpinLock.m */; };
		E49A10C5260D787F002C5C9C /* STWeakTest.m in Sources */ = {isa = PBXBuildFile; fileRef = E49A10C4260D787F002C5C9C /* STWeakTest.m */; };
		E49A10CE260D7894002C5C9C /* STWeakModel.m in Sources */ = {isa = PBXBuildFile; fileRef = E49A10CD260D7894002C5C9C /* STWeakModel.m */; };
		E49A10D7260D87A4002C5C9C /* STMRCTest.m in Sources */ = {isa = PBXBuildFile; fileRef = E49A10D6260D87A4002C5C9C /* STMRCTest.m */; settings = {COMPILER_FLAGS = "-fno-objc-arc"; }; };
		E4B627E727493B2500C4F02D /* STPerson.m in Sources */ = {isa = PBXBuildFile; fileRef = E4B627E627493B2500C4F02D /* STPerson.m */; };
		E4B627EA27493B3E00C4F02D /* STStudent.m in Sources */ = {isa = PBXBuildFile; fileRef = E4B627E927493B3E00C4F02D /* STStudent.m */; };
		E4C0C508261EFDD700223E8F /* NSObject+Test.m in Sources */ = {isa = PBXBuildFile; fileRef = E4C0C507261EFDD700223E8F /* NSObject+Test.m */; };
		E4C0C513261FEF8F00223E8F /* STBinaryTreeTest.m in Sources */ = {isa = PBXBuildFile; fileRef = E4C0C512261FEF8E00223E8F /* STBinaryTreeTest.m */; };
		E4C0C51C261FF06C00223E8F /* STBinaryTreeNode.m in Sources */ = {isa = PBXBuildFile; fileRef = E4C0C51B261FF06C00223E8F /* STBinaryTreeNode.m */; };
		E4C2B36726008DCA0082AEC4 /* STTimerTest.m in Sources */ = {isa = PBXBuildFile; fileRef = E4C2B36626008DCA0082AEC4 /* STTimerTest.m */; };
		E4C2B375260090FA0082AEC4 /* STProxy.m in Sources */ = {isa = PBXBuildFile; fileRef = E4C2B374260090FA0082AEC4 /* STProxy.m */; };
		E4C2B37B260093B00082AEC4 /* STNextViewController.m in Sources */ = {isa = PBXBuildFile; fileRef = E4C2B37A260093B00082AEC4 /* STNextViewController.m */; };
		E4C2B3842600A9790082AEC4 /* STMRCModel.m in Sources */ = {isa = PBXBuildFile; fileRef = E4C2B3832600A9790082AEC4 /* STMRCModel.m */; settings = {COMPILER_FLAGS = "-fno-objc-arc"; }; };
		E4C2B3E82601E4EC0082AEC4 /* STBaseAnimation.m in Sources */ = {isa = PBXBuildFile; fileRef = E4C2B3E72601E4EC0082AEC4 /* STBaseAnimation.m */; };
		E4C2B3F52601F39A0082AEC4 /* STGCD.m in Sources */ = {isa = PBXBuildFile; fileRef = E4C2B3F42601F39A0082AEC4 /* STGCD.m */; };
		E4C2B3FE260448240082AEC4 /* STTimer.m in Sources */ = {isa = PBXBuildFile; fileRef = E4C2B3FD260448240082AEC4 /* STTimer.m */; };
		E4C2B4052604855F0082AEC4 /* STKVCTest.m in Sources */ = {isa = PBXBuildFile; fileRef = E4C2B4042604855E0082AEC4 /* STKVCTest.m */; };
		E4C2B40E260489730082AEC4 /* STKVCModel.m in Sources */ = {isa = PBXBuildFile; fileRef = E4C2B40D260489730082AEC4 /* STKVCModel.m */; };
		E4C800322612FC4A0088696E /* STMRCBaseModel.m in Sources */ = {isa = PBXBuildFile; fileRef = E4C800312612FC4A0088696E /* STMRCBaseModel.m */; };
		E4CBCBE5268DB3A0004F13AC /* main.m in Sources */ = {isa = PBXBuildFile; fileRef = E4CBCBE4268DB3A0004F13AC /* main.m */; };
		E4D65425274CB0C30003DC11 /* STFileManager.m in Sources */ = {isa = PBXBuildFile; fileRef = E404218F273F504400E5C924 /* STFileManager.m */; };
		E4EDE8AB26F08FFE004ECB81 /* STUtls.c in Sources */ = {isa = PBXBuildFile; fileRef = E4EDE8AA26F08FFE004ECB81 /* STUtls.c */; };
		E4F4FC20272A540500002257 /* STSortUtls.c in Sources */ = {isa = PBXBuildFile; fileRef = E4F4FC1F272A540500002257 /* STSortUtls.c */; };
		E4F4FC282739F6A300002257 /* STPerson.m in Sources */ = {isa = PBXBuildFile; fileRef = E4F4FC272739F6A300002257 /* STPerson.m */; };
		E4F4FC2C2739F6D000002257 /* STStudent.m in Sources */ = {isa = PBXBuildFile; fileRef = E4F4FC2B2739F6D000002257 /* STStudent.m */; };
		E4F4FC32273A272500002257 /* NSObject+STRuntime.m in Sources */ = {isa = PBXBuildFile; fileRef = E4F4FC31273A272500002257 /* NSObject+STRuntime.m */; };
		E4F4FC36273B7A2500002257 /* STView.m in Sources */ = {isa = PBXBuildFile; fileRef = E4F4FC35273B7A2500002257 /* STView.m */; };
		E4F4FC39273B7AE800002257 /* STRootView.m in Sources */ = {isa = PBXBuildFile; fileRef = E4F4FC38273B7AE800002257 /* STRootView.m */; };
		E4F4FC3C273B7B5C00002257 /* STButton.m in Sources */ = {isa = PBXBuildFile; fileRef = E4F4FC3B273B7B5C00002257 /* STButton.m */; };
		E4FEB67E25A8519E0055D834 /* STBlock.m in Sources */ = {isa = PBXBuildFile; fileRef = E4FEB67D25A8519E0055D834 /* STBlock.m */; };
/* End PBXBuildFile section */

/* Begin PBXCopyFilesBuildPhase section */
		E43B7C9D26EA01080029AF20 /* CopyFiles */ = {
			isa = PBXCopyFilesBuildPhase;
			buildActionMask = 2147483647;
			dstPath = /usr/share/man/man1/;
			dstSubfolderSpec = 0;
			files = (
			);
			runOnlyForDeploymentPostprocessing = 1;
		};
		E46216AE268181840048C004 /* CopyFiles */ = {
			isa = PBXCopyFilesBuildPhase;
			buildActionMask = 2147483647;
			dstPath = /usr/share/man/man1/;
			dstSubfolderSpec = 0;
			files = (
			);
			runOnlyForDeploymentPostprocessing = 1;
		};
		E4CBCBE0268DB3A0004F13AC /* CopyFiles */ = {
			isa = PBXCopyFilesBuildPhase;
			buildActionMask = 2147483647;
			dstPath = /usr/share/man/man1/;
			dstSubfolderSpec = 0;
			files = (
			);
			runOnlyForDeploymentPostprocessing = 1;
		};
/* End PBXCopyFilesBuildPhase section */

/* Begin PBXFileReference section */
		126C176B0DA1969935C02C65 /* Pods_STInterViewProject.framework */ = {isa = PBXFileReference; explicitFileType = wrapper.framework; includeInIndex = 0; path = Pods_STInterViewProject.framework; sourceTree = BUILT_PRODUCTS_DIR; };
		6E491E532D48F327EEEF6E13 /* Pods-STInterViewProject.debug.xcconfig */ = {isa = PBXFileReference; includeInIndex = 1; lastKnownFileType = text.xcconfig; name = "Pods-STInterViewProject.debug.xcconfig"; path = "Target Support Files/Pods-STInterViewProject/Pods-STInterViewProject.debug.xcconfig"; sourceTree = "<group>"; };
		AAEEF9C29FE9DC5232C8C12D /* Pods-STInterViewProject.release.xcconfig */ = {isa = PBXFileReference; includeInIndex = 1; lastKnownFileType = text.xcconfig; name = "Pods-STInterViewProject.release.xcconfig"; path = "Target Support Files/Pods-STInterViewProject/Pods-STInterViewProject.release.xcconfig"; sourceTree = "<group>"; };
		E404218E273F504400E5C924 /* STFileManager.h */ = {isa = PBXFileReference; lastKnownFileType = sourcecode.c.h; path = STFileManager.h; sourceTree = "<group>"; };
		E404218F273F504400E5C924 /* STFileManager.m */ = {isa = PBXFileReference; lastKnownFileType = sourcecode.c.objc; path = STFileManager.m; sourceTree = "<group>"; };
		E43B7C7626E5C0780029AF20 /* STAnimation.cpp */ = {isa = PBXFileReference; fileEncoding = 4; lastKnownFileType = sourcecode.cpp.cpp; path = STAnimation.cpp; sourceTree = "<group>"; };
		E43B7C9F26EA01080029AF20 /* STLRUCache */ = {isa = PBXFileReference; explicitFileType = "compiled.mach-o.executable"; includeInIndex = 0; path = STLRUCache; sourceTree = BUILT_PRODUCTS_DIR; };
		E43B7CA126EA01080029AF20 /* main.m */ = {isa = PBXFileReference; lastKnownFileType = sourcecode.c.objc; path = main.m; sourceTree = "<group>"; };
		E43B7CAB26EA01660029AF20 /* STLRUCache.h */ = {isa = PBXFileReference; lastKnownFileType = sourcecode.c.h; path = STLRUCache.h; sourceTree = "<group>"; };
		E43B7CAC26EA01670029AF20 /* STLRUCache.c */ = {isa = PBXFileReference; lastKnownFileType = sourcecode.c.c; path = STLRUCache.c; sourceTree = "<group>"; };
		E448009627431F67006CFF4C /* STRunloopViewController.h */ = {isa = PBXFileReference; lastKnownFileType = sourcecode.c.h; path = STRunloopViewController.h; sourceTree = "<group>"; };
		E448009727431F67006CFF4C /* STRunloopViewController.m */ = {isa = PBXFileReference; lastKnownFileType = sourcecode.c.objc; path = STRunloopViewController.m; sourceTree = "<group>"; };
		E448009827431F67006CFF4C /* STRunloopViewController.xib */ = {isa = PBXFileReference; lastKnownFileType = file.xib; path = STRunloopViewController.xib; sourceTree = "<group>"; };
		E448009B27432547006CFF4C /* STRunloopTableViewCell.h */ = {isa = PBXFileReference; lastKnownFileType = sourcecode.c.h; path = STRunloopTableViewCell.h; sourceTree = "<group>"; };
		E448009C27432547006CFF4C /* STRunloopTableViewCell.m */ = {isa = PBXFileReference; lastKnownFileType = sourcecode.c.objc; path = STRunloopTableViewCell.m; sourceTree = "<group>"; };
		E448009D27432547006CFF4C /* STRunloopTableViewCell.xib */ = {isa = PBXFileReference; lastKnownFileType = file.xib; path = STRunloopTableViewCell.xib; sourceTree = "<group>"; };
		E44800A42743993B006CFF4C /* STWebViewViewController.h */ = {isa = PBXFileReference; lastKnownFileType = sourcecode.c.h; path = STWebViewViewController.h; sourceTree = "<group>"; };
		E44800A52743993B006CFF4C /* STWebViewViewController.m */ = {isa = PBXFileReference; lastKnownFileType = sourcecode.c.objc; path = STWebViewViewController.m; sourceTree = "<group>"; };
		E44800A62743993B006CFF4C /* STWebViewViewController.xib */ = {isa = PBXFileReference; lastKnownFileType = file.xib; path = STWebViewViewController.xib; sourceTree = "<group>"; };
		E46216B0268181840048C004 /* STArithmetic */ = {isa = PBXFileReference; explicitFileType = "compiled.mach-o.executable"; includeInIndex = 0; path = STArithmetic; sourceTree = BUILT_PRODUCTS_DIR; };
		E46216B2268181840048C004 /* main.m */ = {isa = PBXFileReference; lastKnownFileType = sourcecode.c.objc; path = main.m; sourceTree = "<group>"; };
		E48EF5B224EE287E0018D0FD /* STInterViewProject.app */ = {isa = PBXFileReference; explicitFileType = wrapper.application; includeInIndex = 0; path = STInterViewProject.app; sourceTree = BUILT_PRODUCTS_DIR; };
		E48EF5B524EE287E0018D0FD /* AppDelegate.h */ = {isa = PBXFileReference; lastKnownFileType = sourcecode.c.h; path = AppDelegate.h; sourceTree = "<group>"; };
		E48EF5B624EE287E0018D0FD /* AppDelegate.m */ = {isa = PBXFileReference; lastKnownFileType = sourcecode.c.objc; path = AppDelegate.m; sourceTree = "<group>"; };
		E48EF5B824EE287E0018D0FD /* SceneDelegate.h */ = {isa = PBXFileReference; lastKnownFileType = sourcecode.c.h; path = SceneDelegate.h; sourceTree = "<group>"; };
		E48EF5B924EE287E0018D0FD /* SceneDelegate.m */ = {isa = PBXFileReference; lastKnownFileType = sourcecode.c.objc; path = SceneDelegate.m; sourceTree = "<group>"; };
		E48EF5BB24EE287E0018D0FD /* ViewController.h */ = {isa = PBXFileReference; lastKnownFileType = sourcecode.c.h; path = ViewController.h; sourceTree = "<group>"; };
		E48EF5BC24EE287E0018D0FD /* ViewController.m */ = {isa = PBXFileReference; lastKnownFileType = sourcecode.c.objc; path = ViewController.m; sourceTree = "<group>"; };
		E48EF5BF24EE287E0018D0FD /* Base */ = {isa = PBXFileReference; lastKnownFileType = file.storyboard; name = Base; path = Base.lproj/Main.storyboard; sourceTree = "<group>"; };
		E48EF5C124EE28830018D0FD /* Assets.xcassets */ = {isa = PBXFileReference; lastKnownFileType = folder.assetcatalog; path = Assets.xcassets; sourceTree = "<group>"; };
		E48EF5C424EE28830018D0FD /* Base */ = {isa = PBXFileReference; lastKnownFileType = file.storyboard; name = Base; path = Base.lproj/LaunchScreen.storyboard; sourceTree = "<group>"; };
		E48EF5C624EE28830018D0FD /* Info.plist */ = {isa = PBXFileReference; lastKnownFileType = text.plist.xml; path = Info.plist; sourceTree = "<group>"; };
		E48EF5C724EE28830018D0FD /* main.m */ = {isa = PBXFileReference; lastKnownFileType = sourcecode.c.objc; path = main.m; sourceTree = "<group>"; };
		E48EF5EA24EE4C700018D0FD /* STAnimation.h */ = {isa = PBXFileReference; lastKnownFileType = sourcecode.c.h; path = STAnimation.h; sourceTree = "<group>"; };
		E48EF5EB24EE4C700018D0FD /* STAnimation.m */ = {isa = PBXFileReference; lastKnownFileType = sourcecode.c.objc; path = STAnimation.m; sourceTree = "<group>"; };
		E48EF5ED24EE4C830018D0FD /* STAnimation+STPerson.h */ = {isa = PBXFileReference; lastKnownFileType = sourcecode.c.h; path = "STAnimation+STPerson.h"; sourceTree = "<group>"; };
		E48EF5EE24EE4C830018D0FD /* STAnimation+STPerson.m */ = {isa = PBXFileReference; lastKnownFileType = sourcecode.c.objc; path = "STAnimation+STPerson.m"; sourceTree = "<group>"; };
		E48EF5F024EE4FDB0018D0FD /* STAnimation+STDog.h */ = {isa = PBXFileReference; lastKnownFileType = sourcecode.c.h; path = "STAnimation+STDog.h"; sourceTree = "<group>"; };
		E48EF5F124EE4FDB0018D0FD /* STAnimation+STDog.m */ = {isa = PBXFileReference; lastKnownFileType = sourcecode.c.objc; path = "STAnimation+STDog.m"; sourceTree = "<group>"; };
		E491157C271482EB00851F43 /* STSaleTickets.h */ = {isa = PBXFileReference; lastKnownFileType = sourcecode.c.h; path = STSaleTickets.h; sourceTree = "<group>"; };
		E491157D271482EB00851F43 /* STSaleTickets.m */ = {isa = PBXFileReference; lastKnownFileType = sourcecode.c.objc; path = STSaleTickets.m; sourceTree = "<group>"; };
		E491157F27263FAB00851F43 /* STKVOTest.cpp */ = {isa = PBXFileReference; lastKnownFileType = sourcecode.cpp.cpp; path = STKVOTest.cpp; sourceTree = "<group>"; };
		E49A10A72609DBBF002C5C9C /* STKVOTest.h */ = {isa = PBXFileReference; lastKnownFileType = sourcecode.c.h; path = STKVOTest.h; sourceTree = "<group>"; };
		E49A10A82609DBBF002C5C9C /* STKVOTest.m */ = {isa = PBXFileReference; lastKnownFileType = sourcecode.c.objc; path = STKVOTest.m; sourceTree = "<group>"; };
		E49A10AD2609DBCB002C5C9C /* STKVOModel.h */ = {isa = PBXFileReference; lastKnownFileType = sourcecode.c.h; path = STKVOModel.h; sourceTree = "<group>"; };
		E49A10AE2609DBCB002C5C9C /* STKVOModel.m */ = {isa = PBXFileReference; lastKnownFileType = sourcecode.c.objc; path = STKVOModel.m; sourceTree = "<group>"; };
		E49A10B6260C8BF9002C5C9C /* STMultiThreadTest.h */ = {isa = PBXFileReference; lastKnownFileType = sourcecode.c.h; path = STMultiThreadTest.h; sourceTree = "<group>"; };
		E49A10B7260C8BF9002C5C9C /* STMultiThreadTest.m */ = {isa = PBXFileReference; lastKnownFileType = sourcecode.c.objc; path = STMultiThreadTest.m; sourceTree = "<group>"; };
		E49A10BC260C8C7D002C5C9C /* STOSSpinLock.h */ = {isa = PBXFileReference; lastKnownFileType = sourcecode.c.h; path = STOSSpinLock.h; sourceTree = "<group>"; };
		E49A10BD260C8C7D002C5C9C /* STOSSpinLock.m */ = {isa = PBXFileReference; lastKnownFileType = sourcecode.c.objc; path = STOSSpinLock.m; sourceTree = "<group>"; };
		E49A10C3260D787F002C5C9C /* STWeakTest.h */ = {isa = PBXFileReference; lastKnownFileType = sourcecode.c.h; path = STWeakTest.h; sourceTree = "<group>"; };
		E49A10C4260D787F002C5C9C /* STWeakTest.m */ = {isa = PBXFileReference; lastKnownFileType = sourcecode.c.objc; path = STWeakTest.m; sourceTree = "<group>"; };
		E49A10CC260D7894002C5C9C /* STWeakModel.h */ = {isa = PBXFileReference; lastKnownFileType = sourcecode.c.h; path = STWeakModel.h; sourceTree = "<group>"; };
		E49A10CD260D7894002C5C9C /* STWeakModel.m */ = {isa = PBXFileReference; lastKnownFileType = sourcecode.c.objc; path = STWeakModel.m; sourceTree = "<group>"; };
		E49A10D5260D87A4002C5C9C /* STMRCTest.h */ = {isa = PBXFileReference; lastKnownFileType = sourcecode.c.h; path = STMRCTest.h; sourceTree = "<group>"; };
		E49A10D6260D87A4002C5C9C /* STMRCTest.m */ = {isa = PBXFileReference; lastKnownFileType = sourcecode.c.objc; path = STMRCTest.m; sourceTree = "<group>"; };
		E4B627E527493B2500C4F02D /* STPerson.h */ = {isa = PBXFileReference; lastKnownFileType = sourcecode.c.h; path = STPerson.h; sourceTree = "<group>"; };
		E4B627E627493B2500C4F02D /* STPerson.m */ = {isa = PBXFileReference; lastKnownFileType = sourcecode.c.objc; path = STPerson.m; sourceTree = "<group>"; };
		E4B627E827493B3E00C4F02D /* STStudent.h */ = {isa = PBXFileReference; lastKnownFileType = sourcecode.c.h; path = STStudent.h; sourceTree = "<group>"; };
		E4B627E927493B3E00C4F02D /* STStudent.m */ = {isa = PBXFileReference; lastKnownFileType = sourcecode.c.objc; path = STStudent.m; sourceTree = "<group>"; };
		E4B627EB27493F7E00C4F02D /* MJClassInfo.h */ = {isa = PBXFileReference; fileEncoding = 4; lastKnownFileType = sourcecode.c.h; path = MJClassInfo.h; sourceTree = "<group>"; };
		E4C0C502261D561600223E8F /* STMRCTest.cpp */ = {isa = PBXFileReference; lastKnownFileType = sourcecode.cpp.cpp; path = STMRCTest.cpp; sourceTree = "<group>"; };
		E4C0C506261EFDD700223E8F /* NSObject+Test.h */ = {isa = PBXFileReference; lastKnownFileType = sourcecode.c.h; path = "NSObject+Test.h"; sourceTree = "<group>"; };
		E4C0C507261EFDD700223E8F /* NSObject+Test.m */ = {isa = PBXFileReference; lastKnownFileType = sourcecode.c.objc; path = "NSObject+Test.m"; sourceTree = "<group>"; };
		E4C0C511261FEF8E00223E8F /* STBinaryTreeTest.h */ = {isa = PBXFileReference; lastKnownFileType = sourcecode.c.h; path = STBinaryTreeTest.h; sourceTree = "<group>"; };
		E4C0C512261FEF8E00223E8F /* STBinaryTreeTest.m */ = {isa = PBXFileReference; lastKnownFileType = sourcecode.c.objc; path = STBinaryTreeTest.m; sourceTree = "<group>"; };
		E4C0C51A261FF06C00223E8F /* STBinaryTreeNode.h */ = {isa = PBXFileReference; lastKnownFileType = sourcecode.c.h; path = STBinaryTreeNode.h; sourceTree = "<group>"; };
		E4C0C51B261FF06C00223E8F /* STBinaryTreeNode.m */ = {isa = PBXFileReference; lastKnownFileType = sourcecode.c.objc; path = STBinaryTreeNode.m; sourceTree = "<group>"; };
		E4C2B36526008DCA0082AEC4 /* STTimerTest.h */ = {isa = PBXFileReference; lastKnownFileType = sourcecode.c.h; path = STTimerTest.h; sourceTree = "<group>"; };
		E4C2B36626008DCA0082AEC4 /* STTimerTest.m */ = {isa = PBXFileReference; lastKnownFileType = sourcecode.c.objc; path = STTimerTest.m; sourceTree = "<group>"; };
		E4C2B36B26008E700082AEC4 /* STTimer.cpp */ = {isa = PBXFileReference; fileEncoding = 4; lastKnownFileType = sourcecode.cpp.cpp; path = STTimer.cpp; sourceTree = "<group>"; };
		E4C2B373260090FA0082AEC4 /* STProxy.h */ = {isa = PBXFileReference; lastKnownFileType = sourcecode.c.h; path = STProxy.h; sourceTree = "<group>"; };
		E4C2B374260090FA0082AEC4 /* STProxy.m */ = {isa = PBXFileReference; lastKnownFileType = sourcecode.c.objc; path = STProxy.m; sourceTree = "<group>"; };
		E4C2B379260093B00082AEC4 /* STNextViewController.h */ = {isa = PBXFileReference; lastKnownFileType = sourcecode.c.h; path = STNextViewController.h; sourceTree = "<group>"; };
		E4C2B37A260093B00082AEC4 /* STNextViewController.m */ = {isa = PBXFileReference; lastKnownFileType = sourcecode.c.objc; path = STNextViewController.m; sourceTree = "<group>"; };
		E4C2B3822600A9790082AEC4 /* STMRCModel.h */ = {isa = PBXFileReference; lastKnownFileType = sourcecode.c.h; path = STMRCModel.h; sourceTree = "<group>"; };
		E4C2B3832600A9790082AEC4 /* STMRCModel.m */ = {isa = PBXFileReference; lastKnownFileType = sourcecode.c.objc; path = STMRCModel.m; sourceTree = "<group>"; };
		E4C2B3912600A9EC0082AEC4 /* STMRCModel.cpp */ = {isa = PBXFileReference; fileEncoding = 4; lastKnownFileType = sourcecode.cpp.cpp; path = STMRCModel.cpp; sourceTree = "<group>"; };
		E4C2B3DB2601DEB10082AEC4 /* STAnimation+STPerson.cpp */ = {isa = PBXFileReference; fileEncoding = 4; lastKnownFileType = sourcecode.cpp.cpp; path = "STAnimation+STPerson.cpp"; sourceTree = "<group>"; };
		E4C2B3E62601E4EC0082AEC4 /* STBaseAnimation.h */ = {isa = PBXFileReference; lastKnownFileType = sourcecode.c.h; path = STBaseAnimation.h; sourceTree = "<group>"; };
		E4C2B3E72601E4EC0082AEC4 /* STBaseAnimation.m */ = {isa = PBXFileReference; lastKnownFileType = sourcecode.c.objc; path = STBaseAnimation.m; sourceTree = "<group>"; };
		E4C2B3F32601F39A0082AEC4 /* STGCD.h */ = {isa = PBXFileReference; lastKnownFileType = sourcecode.c.h; path = STGCD.h; sourceTree = "<group>"; };
		E4C2B3F42601F39A0082AEC4 /* STGCD.m */ = {isa = PBXFileReference; lastKnownFileType = sourcecode.c.objc; path = STGCD.m; sourceTree = "<group>"; };
		E4C2B3FC260448240082AEC4 /* STTimer.h */ = {isa = PBXFileReference; lastKnownFileType = sourcecode.c.h; path = STTimer.h; sourceTree = "<group>"; };
		E4C2B3FD260448240082AEC4 /* STTimer.m */ = {isa = PBXFileReference; lastKnownFileType = sourcecode.c.objc; path = STTimer.m; sourceTree = "<group>"; };
		E4C2B4032604855E0082AEC4 /* STKVCTest.h */ = {isa = PBXFileReference; lastKnownFileType = sourcecode.c.h; path = STKVCTest.h; sourceTree = "<group>"; };
		E4C2B4042604855E0082AEC4 /* STKVCTest.m */ = {isa = PBXFileReference; lastKnownFileType = sourcecode.c.objc; path = STKVCTest.m; sourceTree = "<group>"; };
		E4C2B40C260489730082AEC4 /* STKVCModel.h */ = {isa = PBXFileReference; lastKnownFileType = sourcecode.c.h; path = STKVCModel.h; sourceTree = "<group>"; };
		E4C2B40D260489730082AEC4 /* STKVCModel.m */ = {isa = PBXFileReference; lastKnownFileType = sourcecode.c.objc; path = STKVCModel.m; sourceTree = "<group>"; };
		E4C800302612FC4A0088696E /* STMRCBaseModel.h */ = {isa = PBXFileReference; lastKnownFileType = sourcecode.c.h; path = STMRCBaseModel.h; sourceTree = "<group>"; };
		E4C800312612FC4A0088696E /* STMRCBaseModel.m */ = {isa = PBXFileReference; lastKnownFileType = sourcecode.c.objc; path = STMRCBaseModel.m; sourceTree = "<group>"; };
		E4CBCBE2268DB3A0004F13AC /* OC对象本质 */ = {isa = PBXFileReference; explicitFileType = "compiled.mach-o.executable"; includeInIndex = 0; path = "OC对象本质"; sourceTree = BUILT_PRODUCTS_DIR; };
		E4CBCBE4268DB3A0004F13AC /* main.m */ = {isa = PBXFileReference; lastKnownFileType = sourcecode.c.objc; path = main.m; sourceTree = "<group>"; };
		E4CBCBEF268DBB76004F13AC /* main.cpp */ = {isa = PBXFileReference; fileEncoding = 4; lastKnownFileType = sourcecode.cpp.cpp; path = main.cpp; sourceTree = "<group>"; };
		E4EDE8A926F08FFE004ECB81 /* STUtls.h */ = {isa = PBXFileReference; lastKnownFileType = sourcecode.c.h; path = STUtls.h; sourceTree = "<group>"; };
		E4EDE8AA26F08FFE004ECB81 /* STUtls.c */ = {isa = PBXFileReference; lastKnownFileType = sourcecode.c.c; path = STUtls.c; sourceTree = "<group>"; };
		E4F4FC1E272A540500002257 /* STSortUtls.h */ = {isa = PBXFileReference; lastKnownFileType = sourcecode.c.h; path = STSortUtls.h; sourceTree = "<group>"; };
		E4F4FC1F272A540500002257 /* STSortUtls.c */ = {isa = PBXFileReference; lastKnownFileType = sourcecode.c.c; path = STSortUtls.c; sourceTree = "<group>"; };
		E4F4FC25272BF46600002257 /* STBlock.cpp */ = {isa = PBXFileReference; lastKnownFileType = sourcecode.cpp.cpp; path = STBlock.cpp; sourceTree = "<group>"; };
		E4F4FC262739F6A300002257 /* STPerson.h */ = {isa = PBXFileReference; lastKnownFileType = sourcecode.c.h; path = STPerson.h; sourceTree = "<group>"; };
		E4F4FC272739F6A300002257 /* STPerson.m */ = {isa = PBXFileReference; lastKnownFileType = sourcecode.c.objc; path = STPerson.m; sourceTree = "<group>"; };
		E4F4FC2A2739F6D000002257 /* STStudent.h */ = {isa = PBXFileReference; lastKnownFileType = sourcecode.c.h; path = STStudent.h; sourceTree = "<group>"; };
		E4F4FC2B2739F6D000002257 /* STStudent.m */ = {isa = PBXFileReference; lastKnownFileType = sourcecode.c.objc; path = STStudent.m; sourceTree = "<group>"; };
		E4F4FC30273A272500002257 /* NSObject+STRuntime.h */ = {isa = PBXFileReference; lastKnownFileType = sourcecode.c.h; path = "NSObject+STRuntime.h"; sourceTree = "<group>"; };
		E4F4FC31273A272500002257 /* NSObject+STRuntime.m */ = {isa = PBXFileReference; lastKnownFileType = sourcecode.c.objc; path = "NSObject+STRuntime.m"; sourceTree = "<group>"; };
		E4F4FC34273B7A2500002257 /* STView.h */ = {isa = PBXFileReference; lastKnownFileType = sourcecode.c.h; path = STView.h; sourceTree = "<group>"; };
		E4F4FC35273B7A2500002257 /* STView.m */ = {isa = PBXFileReference; lastKnownFileType = sourcecode.c.objc; path = STView.m; sourceTree = "<group>"; };
		E4F4FC37273B7AE800002257 /* STRootView.h */ = {isa = PBXFileReference; lastKnownFileType = sourcecode.c.h; path = STRootView.h; sourceTree = "<group>"; };
		E4F4FC38273B7AE800002257 /* STRootView.m */ = {isa = PBXFileReference; lastKnownFileType = sourcecode.c.objc; path = STRootView.m; sourceTree = "<group>"; };
		E4F4FC3A273B7B5C00002257 /* STButton.h */ = {isa = PBXFileReference; lastKnownFileType = sourcecode.c.h; path = STButton.h; sourceTree = "<group>"; };
		E4F4FC3B273B7B5C00002257 /* STButton.m */ = {isa = PBXFileReference; lastKnownFileType = sourcecode.c.objc; path = STButton.m; sourceTree = "<group>"; };
		E4FEB67C25A8519E0055D834 /* STBlock.h */ = {isa = PBXFileReference; lastKnownFileType = sourcecode.c.h; path = STBlock.h; sourceTree = "<group>"; };
		E4FEB67D25A8519E0055D834 /* STBlock.m */ = {isa = PBXFileReference; lastKnownFileType = sourcecode.c.objc; path = STBlock.m; sourceTree = "<group>"; };
/* End PBXFileReference section */

/* Begin PBXFrameworksBuildPhase section */
		E43B7C9C26EA01080029AF20 /* Frameworks */ = {
			isa = PBXFrameworksBuildPhase;
			buildActionMask = 2147483647;
			files = (
			);
			runOnlyForDeploymentPostprocessing = 0;
		};
		E46216AD268181840048C004 /* Frameworks */ = {
			isa = PBXFrameworksBuildPhase;
			buildActionMask = 2147483647;
			files = (
			);
			runOnlyForDeploymentPostprocessing = 0;
		};
		E48EF5AF24EE287E0018D0FD /* Frameworks */ = {
			isa = PBXFrameworksBuildPhase;
			buildActionMask = 2147483647;
			files = (
				6FA713B188915215BF82C9C2 /* Pods_STInterViewProject.framework in Frameworks */,
			);
			runOnlyForDeploymentPostprocessing = 0;
		};
		E4CBCBDF268DB3A0004F13AC /* Frameworks */ = {
			isa = PBXFrameworksBuildPhase;
			buildActionMask = 2147483647;
			files = (
			);
			runOnlyForDeploymentPostprocessing = 0;
		};
/* End PBXFrameworksBuildPhase section */

/* Begin PBXGroup section */
		1B021CEA00537FB9191D7724 /* Frameworks */ = {
			isa = PBXGroup;
			children = (
				126C176B0DA1969935C02C65 /* Pods_STInterViewProject.framework */,
			);
			name = Frameworks;
			sourceTree = "<group>";
		};
		3A2FB3E4190D74B9A742D6F3 /* Pods */ = {
			isa = PBXGroup;
			children = (
				6E491E532D48F327EEEF6E13 /* Pods-STInterViewProject.debug.xcconfig */,
				AAEEF9C29FE9DC5232C8C12D /* Pods-STInterViewProject.release.xcconfig */,
			);
			path = Pods;
			sourceTree = "<group>";
		};
		E404218D273F502700E5C924 /* FileManager */ = {
			isa = PBXGroup;
			children = (
				E404218E273F504400E5C924 /* STFileManager.h */,
				E404218F273F504400E5C924 /* STFileManager.m */,
			);
			path = FileManager;
			sourceTree = "<group>";
		};
		E43B7CA026EA01080029AF20 /* STLRUCache */ = {
			isa = PBXGroup;
			children = (
				E43B7CA126EA01080029AF20 /* main.m */,
				E43B7CAB26EA01660029AF20 /* STLRUCache.h */,
				E43B7CAC26EA01670029AF20 /* STLRUCache.c */,
			);
			path = STLRUCache;
			sourceTree = "<group>";
		};
		E448009527431F3F006CFF4C /* Runloop */ = {
			isa = PBXGroup;
			children = (
				E448009627431F67006CFF4C /* STRunloopViewController.h */,
				E448009727431F67006CFF4C /* STRunloopViewController.m */,
				E448009827431F67006CFF4C /* STRunloopViewController.xib */,
				E448009B27432547006CFF4C /* STRunloopTableViewCell.h */,
				E448009C27432547006CFF4C /* STRunloopTableViewCell.m */,
				E448009D27432547006CFF4C /* STRunloopTableViewCell.xib */,
			);
			path = Runloop;
			sourceTree = "<group>";
		};
		E44800A327439922006CFF4C /* WebView */ = {
			isa = PBXGroup;
			children = (
				E44800A42743993B006CFF4C /* STWebViewViewController.h */,
				E44800A52743993B006CFF4C /* STWebViewViewController.m */,
				E44800A62743993B006CFF4C /* STWebViewViewController.xib */,
			);
			path = WebView;
			sourceTree = "<group>";
		};
		E46216B1268181840048C004 /* STArithmetic */ = {
			isa = PBXGroup;
			children = (
				E46216B2268181840048C004 /* main.m */,
				E4EDE8A926F08FFE004ECB81 /* STUtls.h */,
				E4EDE8AA26F08FFE004ECB81 /* STUtls.c */,
				E4F4FC1E272A540500002257 /* STSortUtls.h */,
				E4F4FC1F272A540500002257 /* STSortUtls.c */,
			);
			path = STArithmetic;
			sourceTree = "<group>";
		};
		E48EF5A924EE287E0018D0FD = {
			isa = PBXGroup;
			children = (
				E48EF5B424EE287E0018D0FD /* STInterViewProject */,
				E46216B1268181840048C004 /* STArithmetic */,
				E4CBCBE3268DB3A0004F13AC /* OC对象本质 */,
				E43B7CA026EA01080029AF20 /* STLRUCache */,
				E48EF5B324EE287E0018D0FD /* Products */,
				3A2FB3E4190D74B9A742D6F3 /* Pods */,
				1B021CEA00537FB9191D7724 /* Frameworks */,
			);
			sourceTree = "<group>";
		};
		E48EF5B324EE287E0018D0FD /* Products */ = {
			isa = PBXGroup;
			children = (
				E48EF5B224EE287E0018D0FD /* STInterViewProject.app */,
				E46216B0268181840048C004 /* STArithmetic */,
				E4CBCBE2268DB3A0004F13AC /* OC对象本质 */,
				E43B7C9F26EA01080029AF20 /* STLRUCache */,
			);
			name = Products;
			sourceTree = "<group>";
		};
		E48EF5B424EE287E0018D0FD /* STInterViewProject */ = {
			isa = PBXGroup;
			children = (
				E48EF5B524EE287E0018D0FD /* AppDelegate.h */,
				E48EF5B624EE287E0018D0FD /* AppDelegate.m */,
				E48EF5B824EE287E0018D0FD /* SceneDelegate.h */,
				E48EF5B924EE287E0018D0FD /* SceneDelegate.m */,
				E48EF5BB24EE287E0018D0FD /* ViewController.h */,
				E48EF5BC24EE287E0018D0FD /* ViewController.m */,
				E4C2B379260093B00082AEC4 /* STNextViewController.h */,
				E4C2B37A260093B00082AEC4 /* STNextViewController.m */,
				E44800A327439922006CFF4C /* WebView */,
				E448009527431F3F006CFF4C /* Runloop */,
				E404218D273F502700E5C924 /* FileManager */,
				E4F4FC33273B7A0A00002257 /* CustomView */,
				E4F4FC292739F6A700002257 /* Runtime */,
				E4C0C510261FEF6900223E8F /* BinaryTree */,
				E49A10C2260D7867002C5C9C /* Weak */,
				E49A10A62609DBAB002C5C9C /* KVO */,
				E4C2B402260485350082AEC4 /* KVC */,
				E4C2B3F22601F37C0082AEC4 /* 多线程 */,
				E4C2B3C426019E750082AEC4 /* Category */,
				E4C2B3C526019E840082AEC4 /* Block */,
				E4C2B3CA26019E940082AEC4 /* Timer */,
				E4C2B3992600CEAF0082AEC4 /* MRC */,
				E48EF5BE24EE287E0018D0FD /* Main.storyboard */,
				E48EF5C124EE28830018D0FD /* Assets.xcassets */,
				E48EF5C324EE28830018D0FD /* LaunchScreen.storyboard */,
				E48EF5C624EE28830018D0FD /* Info.plist */,
				E48EF5C724EE28830018D0FD /* main.m */,
			);
			path = STInterViewProject;
			sourceTree = "<group>";
		};
		E49A10A62609DBAB002C5C9C /* KVO */ = {
			isa = PBXGroup;
			children = (
				E491157F27263FAB00851F43 /* STKVOTest.cpp */,
				E49A10A72609DBBF002C5C9C /* STKVOTest.h */,
				E49A10A82609DBBF002C5C9C /* STKVOTest.m */,
				E49A10AD2609DBCB002C5C9C /* STKVOModel.h */,
				E49A10AE2609DBCB002C5C9C /* STKVOModel.m */,
			);
			path = KVO;
			sourceTree = "<group>";
		};
		E49A10C2260D7867002C5C9C /* Weak */ = {
			isa = PBXGroup;
			children = (
				E49A10C3260D787F002C5C9C /* STWeakTest.h */,
				E49A10C4260D787F002C5C9C /* STWeakTest.m */,
				E49A10CC260D7894002C5C9C /* STWeakModel.h */,
				E49A10CD260D7894002C5C9C /* STWeakModel.m */,
			);
			path = Weak;
			sourceTree = "<group>";
		};
		E4C0C510261FEF6900223E8F /* BinaryTree */ = {
			isa = PBXGroup;
			children = (
				E4C0C511261FEF8E00223E8F /* STBinaryTreeTest.h */,
				E4C0C512261FEF8E00223E8F /* STBinaryTreeTest.m */,
				E4C0C51A261FF06C00223E8F /* STBinaryTreeNode.h */,
				E4C0C51B261FF06C00223E8F /* STBinaryTreeNode.m */,
			);
			path = BinaryTree;
			sourceTree = "<group>";
		};
		E4C2B3992600CEAF0082AEC4 /* MRC */ = {
			isa = PBXGroup;
			children = (
				E4C800302612FC4A0088696E /* STMRCBaseModel.h */,
				E4C800312612FC4A0088696E /* STMRCBaseModel.m */,
				E4C2B3822600A9790082AEC4 /* STMRCModel.h */,
				E4C2B3832600A9790082AEC4 /* STMRCModel.m */,
				E4C2B3912600A9EC0082AEC4 /* STMRCModel.cpp */,
				E49A10D5260D87A4002C5C9C /* STMRCTest.h */,
				E49A10D6260D87A4002C5C9C /* STMRCTest.m */,
				E4C0C502261D561600223E8F /* STMRCTest.cpp */,
				E4C0C506261EFDD700223E8F /* NSObject+Test.h */,
				E4C0C507261EFDD700223E8F /* NSObject+Test.m */,
			);
			path = MRC;
			sourceTree = "<group>";
		};
		E4C2B3C426019E750082AEC4 /* Category */ = {
			isa = PBXGroup;
			children = (
				E48EF5EA24EE4C700018D0FD /* STAnimation.h */,
				E48EF5EB24EE4C700018D0FD /* STAnimation.m */,
				E43B7C7626E5C0780029AF20 /* STAnimation.cpp */,
				E48EF5ED24EE4C830018D0FD /* STAnimation+STPerson.h */,
				E48EF5EE24EE4C830018D0FD /* STAnimation+STPerson.m */,
				E48EF5F024EE4FDB0018D0FD /* STAnimation+STDog.h */,
				E48EF5F124EE4FDB0018D0FD /* STAnimation+STDog.m */,
				E4C2B3DB2601DEB10082AEC4 /* STAnimation+STPerson.cpp */,
				E4C2B3E62601E4EC0082AEC4 /* STBaseAnimation.h */,
				E4C2B3E72601E4EC0082AEC4 /* STBaseAnimation.m */,
			);
			path = Category;
			sourceTree = "<group>";
		};
		E4C2B3C526019E840082AEC4 /* Block */ = {
			isa = PBXGroup;
			children = (
				E4FEB67C25A8519E0055D834 /* STBlock.h */,
				E4FEB67D25A8519E0055D834 /* STBlock.m */,
				E4F4FC25272BF46600002257 /* STBlock.cpp */,
			);
			path = Block;
			sourceTree = "<group>";
		};
		E4C2B3CA26019E940082AEC4 /* Timer */ = {
			isa = PBXGroup;
			children = (
				E4C2B373260090FA0082AEC4 /* STProxy.h */,
				E4C2B374260090FA0082AEC4 /* STProxy.m */,
				E4C2B36526008DCA0082AEC4 /* STTimerTest.h */,
				E4C2B36626008DCA0082AEC4 /* STTimerTest.m */,
				E4C2B3FC260448240082AEC4 /* STTimer.h */,
				E4C2B3FD260448240082AEC4 /* STTimer.m */,
				E4C2B36B26008E700082AEC4 /* STTimer.cpp */,
			);
			path = Timer;
			sourceTree = "<group>";
		};
		E4C2B3F22601F37C0082AEC4 /* 多线程 */ = {
			isa = PBXGroup;
			children = (
				E4C2B3F32601F39A0082AEC4 /* STGCD.h */,
				E4C2B3F42601F39A0082AEC4 /* STGCD.m */,
				E49A10B6260C8BF9002C5C9C /* STMultiThreadTest.h */,
				E49A10B7260C8BF9002C5C9C /* STMultiThreadTest.m */,
				E49A10BC260C8C7D002C5C9C /* STOSSpinLock.h */,
				E49A10BD260C8C7D002C5C9C /* STOSSpinLock.m */,
				E491157C271482EB00851F43 /* STSaleTickets.h */,
				E491157D271482EB00851F43 /* STSaleTickets.m */,
			);
			path = "多线程";
			sourceTree = "<group>";
		};
		E4C2B402260485350082AEC4 /* KVC */ = {
			isa = PBXGroup;
			children = (
				E4C2B4032604855E0082AEC4 /* STKVCTest.h */,
				E4C2B4042604855E0082AEC4 /* STKVCTest.m */,
				E4C2B40C260489730082AEC4 /* STKVCModel.h */,
				E4C2B40D260489730082AEC4 /* STKVCModel.m */,
			);
			path = KVC;
			sourceTree = "<group>";
		};
		E4CBCBE3268DB3A0004F13AC /* OC对象本质 */ = {
			isa = PBXGroup;
			children = (
				E4B627EB27493F7E00C4F02D /* MJClassInfo.h */,
				E4CBCBE4268DB3A0004F13AC /* main.m */,
				E4B627E827493B3E00C4F02D /* STStudent.h */,
				E4B627E927493B3E00C4F02D /* STStudent.m */,
				E4B627E527493B2500C4F02D /* STPerson.h */,
				E4B627E627493B2500C4F02D /* STPerson.m */,
				E4CBCBEF268DBB76004F13AC /* main.cpp */,
			);
			path = "OC对象本质";
			sourceTree = "<group>";
		};
		E4F4FC292739F6A700002257 /* Runtime */ = {
			isa = PBXGroup;
			children = (
				E4F4FC262739F6A300002257 /* STPerson.h */,
				E4F4FC272739F6A300002257 /* STPerson.m */,
				E4F4FC2A2739F6D000002257 /* STStudent.h */,
				E4F4FC2B2739F6D000002257 /* STStudent.m */,
				E4F4FC30273A272500002257 /* NSObject+STRuntime.h */,
				E4F4FC31273A272500002257 /* NSObject+STRuntime.m */,
			);
			path = Runtime;
			sourceTree = "<group>";
		};
		E4F4FC33273B7A0A00002257 /* CustomView */ = {
			isa = PBXGroup;
			children = (
				E4F4FC34273B7A2500002257 /* STView.h */,
				E4F4FC35273B7A2500002257 /* STView.m */,
				E4F4FC37273B7AE800002257 /* STRootView.h */,
				E4F4FC38273B7AE800002257 /* STRootView.m */,
				E4F4FC3A273B7B5C00002257 /* STButton.h */,
				E4F4FC3B273B7B5C00002257 /* STButton.m */,
			);
			path = CustomView;
			sourceTree = "<group>";
		};
/* End PBXGroup section */

/* Begin PBXNativeTarget section */
		E43B7C9E26EA01080029AF20 /* STLRUCache */ = {
			isa = PBXNativeTarget;
			buildConfigurationList = E43B7CA326EA01080029AF20 /* Build configuration list for PBXNativeTarget "STLRUCache" */;
			buildPhases = (
				E43B7C9B26EA01080029AF20 /* Sources */,
				E43B7C9C26EA01080029AF20 /* Frameworks */,
				E43B7C9D26EA01080029AF20 /* CopyFiles */,
			);
			buildRules = (
			);
			dependencies = (
			);
			name = STLRUCache;
			productName = STLRUCache;
			productReference = E43B7C9F26EA01080029AF20 /* STLRUCache */;
			productType = "com.apple.product-type.tool";
		};
		E46216AF268181840048C004 /* STArithmetic */ = {
			isa = PBXNativeTarget;
			buildConfigurationList = E46216B6268181840048C004 /* Build configuration list for PBXNativeTarget "STArithmetic" */;
			buildPhases = (
				E46216AC268181840048C004 /* Sources */,
				E46216AD268181840048C004 /* Frameworks */,
				E46216AE268181840048C004 /* CopyFiles */,
			);
			buildRules = (
			);
			dependencies = (
			);
			name = STArithmetic;
			productName = STArithmetic;
			productReference = E46216B0268181840048C004 /* STArithmetic */;
			productType = "com.apple.product-type.tool";
		};
		E48EF5B124EE287E0018D0FD /* STInterViewProject */ = {
			isa = PBXNativeTarget;
			buildConfigurationList = E48EF5E124EE28840018D0FD /* Build configuration list for PBXNativeTarget "STInterViewProject" */;
			buildPhases = (
				D9DF4E7A4936BCE1E856B4F8 /* [CP] Check Pods Manifest.lock */,
				E48EF5AE24EE287E0018D0FD /* Sources */,
				E48EF5AF24EE287E0018D0FD /* Frameworks */,
				E48EF5B024EE287E0018D0FD /* Resources */,
				231C88FF9D47FD2139CC0A5B /* [CP] Embed Pods Frameworks */,
			);
			buildRules = (
			);
			dependencies = (
			);
			name = STInterViewProject;
			productName = Category;
			productReference = E48EF5B224EE287E0018D0FD /* STInterViewProject.app */;
			productType = "com.apple.product-type.application";
		};
		E4CBCBE1268DB3A0004F13AC /* OC对象本质 */ = {
			isa = PBXNativeTarget;
			buildConfigurationList = E4CBCBE8268DB3A0004F13AC /* Build configuration list for PBXNativeTarget "OC对象本质" */;
			buildPhases = (
				E4CBCBDE268DB3A0004F13AC /* Sources */,
				E4CBCBDF268DB3A0004F13AC /* Frameworks */,
				E4CBCBE0268DB3A0004F13AC /* CopyFiles */,
			);
			buildRules = (
			);
			dependencies = (
			);
			name = "OC对象本质";
			productName = "OC对象本质";
			productReference = E4CBCBE2268DB3A0004F13AC /* OC对象本质 */;
			productType = "com.apple.product-type.tool";
		};
/* End PBXNativeTarget section */

/* Begin PBXProject section */
		E48EF5AA24EE287E0018D0FD /* Project object */ = {
			isa = PBXProject;
			attributes = {
				LastUpgradeCheck = 1310;
				ORGANIZATIONNAME = Knowin;
				TargetAttributes = {
					E43B7C9E26EA01080029AF20 = {
						CreatedOnToolsVersion = 12.4;
					};
					E46216AF268181840048C004 = {
						CreatedOnToolsVersion = 12.5;
					};
					E48EF5B124EE287E0018D0FD = {
						CreatedOnToolsVersion = 11.6;
					};
					E4CBCBE1268DB3A0004F13AC = {
						CreatedOnToolsVersion = 12.4;
					};
				};
			};
			buildConfigurationList = E48EF5AD24EE287E0018D0FD /* Build configuration list for PBXProject "STInterViewProject" */;
			compatibilityVersion = "Xcode 9.3";
			developmentRegion = en;
			hasScannedForEncodings = 0;
			knownRegions = (
				en,
				Base,
			);
			mainGroup = E48EF5A924EE287E0018D0FD;
			productRefGroup = E48EF5B324EE287E0018D0FD /* Products */;
			projectDirPath = "";
			projectRoot = "";
			targets = (
				E48EF5B124EE287E0018D0FD /* STInterViewProject */,
				E46216AF268181840048C004 /* STArithmetic */,
				E4CBCBE1268DB3A0004F13AC /* OC对象本质 */,
				E43B7C9E26EA01080029AF20 /* STLRUCache */,
			);
		};
/* End PBXProject section */

/* Begin PBXResourcesBuildPhase section */
		E48EF5B024EE287E0018D0FD /* Resources */ = {
			isa = PBXResourcesBuildPhase;
			buildActionMask = 2147483647;
			files = (
				E448009F27432547006CFF4C /* STRunloopTableViewCell.xib in Resources */,
				E44800A82743993B006CFF4C /* STWebViewViewController.xib in Resources */,
				E48EF5C524EE28830018D0FD /* LaunchScreen.storyboard in Resources */,
				E448009A27431F67006CFF4C /* STRunloopViewController.xib in Resources */,
				E48EF5C224EE28830018D0FD /* Assets.xcassets in Resources */,
				E48EF5C024EE287E0018D0FD /* Main.storyboard in Resources */,
			);
			runOnlyForDeploymentPostprocessing = 0;
		};
/* End PBXResourcesBuildPhase section */

/* Begin PBXShellScriptBuildPhase section */
		231C88FF9D47FD2139CC0A5B /* [CP] Embed Pods Frameworks */ = {
			isa = PBXShellScriptBuildPhase;
			buildActionMask = 2147483647;
			files = (
			);
			inputFileListPaths = (
				"${PODS_ROOT}/Target Support Files/Pods-STInterViewProject/Pods-STInterViewProject-frameworks-${CONFIGURATION}-input-files.xcfilelist",
			);
			name = "[CP] Embed Pods Frameworks";
			outputFileListPaths = (
				"${PODS_ROOT}/Target Support Files/Pods-STInterViewProject/Pods-STInterViewProject-frameworks-${CONFIGURATION}-output-files.xcfilelist",
			);
			runOnlyForDeploymentPostprocessing = 0;
			shellPath = /bin/sh;
			shellScript = "\"${PODS_ROOT}/Target Support Files/Pods-STInterViewProject/Pods-STInterViewProject-frameworks.sh\"\n";
			showEnvVarsInLog = 0;
		};
		D9DF4E7A4936BCE1E856B4F8 /* [CP] Check Pods Manifest.lock */ = {
			isa = PBXShellScriptBuildPhase;
			buildActionMask = 2147483647;
			files = (
			);
			inputFileListPaths = (
			);
			inputPaths = (
				"${PODS_PODFILE_DIR_PATH}/Podfile.lock",
				"${PODS_ROOT}/Manifest.lock",
			);
			name = "[CP] Check Pods Manifest.lock";
			outputFileListPaths = (
			);
			outputPaths = (
				"$(DERIVED_FILE_DIR)/Pods-STInterViewProject-checkManifestLockResult.txt",
			);
			runOnlyForDeploymentPostprocessing = 0;
			shellPath = /bin/sh;
			shellScript = "diff \"${PODS_PODFILE_DIR_PATH}/Podfile.lock\" \"${PODS_ROOT}/Manifest.lock\" > /dev/null\nif [ $? != 0 ] ; then\n    # print error to STDERR\n    echo \"error: The sandbox is not in sync with the Podfile.lock. Run 'pod install' or update your CocoaPods installation.\" >&2\n    exit 1\nfi\n# This output is used by Xcode 'outputs' to avoid re-running this script phase.\necho \"SUCCESS\" > \"${SCRIPT_OUTPUT_FILE_0}\"\n";
			showEnvVarsInLog = 0;
		};
/* End PBXShellScriptBuildPhase section */

/* Begin PBXSourcesBuildPhase section */
		E43B7C9B26EA01080029AF20 /* Sources */ = {
			isa = PBXSourcesBuildPhase;
			buildActionMask = 2147483647;
			files = (
				E43B7CA226EA01080029AF20 /* main.m in Sources */,
				E43B7CAD26EA01670029AF20 /* STLRUCache.c in Sources */,
			);
			runOnlyForDeploymentPostprocessing = 0;
		};
		E46216AC268181840048C004 /* Sources */ = {
			isa = PBXSourcesBuildPhase;
			buildActionMask = 2147483647;
			files = (
				E4D65425274CB0C30003DC11 /* STFileManager.m in Sources */,
				E4F4FC20272A540500002257 /* STSortUtls.c in Sources */,
				E46216B3268181840048C004 /* main.m in Sources */,
				E4EDE8AB26F08FFE004ECB81 /* STUtls.c in Sources */,
			);
			runOnlyForDeploymentPostprocessing = 0;
		};
		E48EF5AE24EE287E0018D0FD /* Sources */ = {
			isa = PBXSourcesBuildPhase;
			buildActionMask = 2147483647;
			files = (
				E4C2B37B260093B00082AEC4 /* STNextViewController.m in Sources */,
				E49A10A92609DBBF002C5C9C /* STKVOTest.m in Sources */,
				E4C0C508261EFDD700223E8F /* NSObject+Test.m in Sources */,
				E4C0C513261FEF8F00223E8F /* STBinaryTreeTest.m in Sources */,
				E4042190273F504400E5C924 /* STFileManager.m in Sources */,
				E4C2B4052604855F0082AEC4 /* STKVCTest.m in Sources */,
				E4F4FC39273B7AE800002257 /* STRootView.m in Sources */,
				E48EF5BD24EE287E0018D0FD /* ViewController.m in Sources */,
				E49A10B8260C8BF9002C5C9C /* STMultiThreadTest.m in Sources */,
				E448009927431F67006CFF4C /* STRunloopViewController.m in Sources */,
				E4C0C51C261FF06C00223E8F /* STBinaryTreeNode.m in Sources */,
				E48EF5B724EE287E0018D0FD /* AppDelegate.m in Sources */,
				E4F4FC32273A272500002257 /* NSObject+STRuntime.m in Sources */,
				E48EF5C824EE28830018D0FD /* main.m in Sources */,
				E4C2B3E82601E4EC0082AEC4 /* STBaseAnimation.m in Sources */,
				E4C2B375260090FA0082AEC4 /* STProxy.m in Sources */,
				E4C2B3842600A9790082AEC4 /* STMRCModel.m in Sources */,
				E4F4FC36273B7A2500002257 /* STView.m in Sources */,
				E491157E271482EB00851F43 /* STSaleTickets.m in Sources */,
				E4F4FC2C2739F6D000002257 /* STStudent.m in Sources */,
				E48EF5BA24EE287E0018D0FD /* SceneDelegate.m in Sources */,
				E4C2B36726008DCA0082AEC4 /* STTimerTest.m in Sources */,
				E4C2B40E260489730082AEC4 /* STKVCModel.m in Sources */,
				E44800A72743993B006CFF4C /* STWebViewViewController.m in Sources */,
				E4F4FC282739F6A300002257 /* STPerson.m in Sources */,
				E49A10BE260C8C7D002C5C9C /* STOSSpinLock.m in Sources */,
				E4F4FC3C273B7B5C00002257 /* STButton.m in Sources */,
				E4FEB67E25A8519E0055D834 /* STBlock.m in Sources */,
				E49A10D7260D87A4002C5C9C /* STMRCTest.m in Sources */,
				E4C800322612FC4A0088696E /* STMRCBaseModel.m in Sources */,
				E4C2B3F52601F39A0082AEC4 /* STGCD.m in Sources */,
				E4C2B3FE260448240082AEC4 /* STTimer.m in Sources */,
				E49A10AF2609DBCB002C5C9C /* STKVOModel.m in Sources */,
				E49A10CE260D7894002C5C9C /* STWeakModel.m in Sources */,
				E48EF5F224EE4FDB0018D0FD /* STAnimation+STDog.m in Sources */,
				E48EF5EF24EE4C830018D0FD /* STAnimation+STPerson.m in Sources */,
				E49A10C5260D787F002C5C9C /* STWeakTest.m in Sources */,
				E448009E27432547006CFF4C /* STRunloopTableViewCell.m in Sources */,
				E48EF5EC24EE4C700018D0FD /* STAnimation.m in Sources */,
			);
			runOnlyForDeploymentPostprocessing = 0;
		};
		E4CBCBDE268DB3A0004F13AC /* Sources */ = {
			isa = PBXSourcesBuildPhase;
			buildActionMask = 2147483647;
			files = (
				E4CBCBE5268DB3A0004F13AC /* main.m in Sources */,
				E4B627E727493B2500C4F02D /* STPerson.m in Sources */,
				E4B627EA27493B3E00C4F02D /* STStudent.m in Sources */,
			);
			runOnlyForDeploymentPostprocessing = 0;
		};
/* End PBXSourcesBuildPhase section */

/* Begin PBXVariantGroup section */
		E48EF5BE24EE287E0018D0FD /* Main.storyboard */ = {
			isa = PBXVariantGroup;
			children = (
				E48EF5BF24EE287E0018D0FD /* Base */,
			);
			name = Main.storyboard;
			sourceTree = "<group>";
		};
		E48EF5C324EE28830018D0FD /* LaunchScreen.storyboard */ = {
			isa = PBXVariantGroup;
			children = (
				E48EF5C424EE28830018D0FD /* Base */,
			);
			name = LaunchScreen.storyboard;
			sourceTree = "<group>";
		};
/* End PBXVariantGroup section */

/* Begin XCBuildConfiguration section */
		E43B7CA426EA01080029AF20 /* Debug */ = {
			isa = XCBuildConfiguration;
			buildSettings = {
				CODE_SIGN_IDENTITY = "-";
				CODE_SIGN_STYLE = Automatic;
				DEVELOPMENT_TEAM = 8D4LL3H2G7;
				ENABLE_HARDENED_RUNTIME = YES;
				MACOSX_DEPLOYMENT_TARGET = 10.15;
				PRODUCT_NAME = "$(TARGET_NAME)";
				SDKROOT = macosx;
			};
			name = Debug;
		};
		E43B7CA526EA01080029AF20 /* Release */ = {
			isa = XCBuildConfiguration;
			buildSettings = {
				CODE_SIGN_IDENTITY = "-";
				CODE_SIGN_STYLE = Automatic;
				DEVELOPMENT_TEAM = 8D4LL3H2G7;
				ENABLE_HARDENED_RUNTIME = YES;
				MACOSX_DEPLOYMENT_TARGET = 10.15;
				PRODUCT_NAME = "$(TARGET_NAME)";
				SDKROOT = macosx;
			};
			name = Release;
		};
		E46216B4268181840048C004 /* Debug */ = {
			isa = XCBuildConfiguration;
			buildSettings = {
				CLANG_WARN_QUOTED_INCLUDE_IN_FRAMEWORK_HEADER = YES;
				CODE_SIGN_IDENTITY = "Apple Development";
				CODE_SIGN_STYLE = Automatic;
				DEVELOPMENT_TEAM = 8D4LL3H2G7;
				ENABLE_HARDENED_RUNTIME = YES;
				MACOSX_DEPLOYMENT_TARGET = 10.11;
				PRODUCT_BUNDLE_IDENTIFIER = com.knowin.STArithmetic;
				PRODUCT_NAME = "$(TARGET_NAME)";
				PROVISIONING_PROFILE_SPECIFIER = "";
				SDKROOT = macosx;
			};
			name = Debug;
		};
		E46216B5268181840048C004 /* Release */ = {
			isa = XCBuildConfiguration;
			buildSettings = {
				CLANG_WARN_QUOTED_INCLUDE_IN_FRAMEWORK_HEADER = YES;
				CODE_SIGN_IDENTITY = "Apple Development";
				CODE_SIGN_STYLE = Automatic;
				DEVELOPMENT_TEAM = 8D4LL3H2G7;
				ENABLE_HARDENED_RUNTIME = YES;
				MACOSX_DEPLOYMENT_TARGET = 10.11;
				PRODUCT_BUNDLE_IDENTIFIER = com.knowin.STArithmetic;
				PRODUCT_NAME = "$(TARGET_NAME)";
				PROVISIONING_PROFILE_SPECIFIER = "";
				SDKROOT = macosx;
			};
			name = Release;
		};
		E48EF5DF24EE28840018D0FD /* Debug */ = {
			isa = XCBuildConfiguration;
			buildSettings = {
				ALWAYS_SEARCH_USER_PATHS = NO;
				CLANG_ANALYZER_NONNULL = YES;
				CLANG_ANALYZER_NUMBER_OBJECT_CONVERSION = YES_AGGRESSIVE;
				CLANG_CXX_LANGUAGE_STANDARD = "gnu++14";
				CLANG_CXX_LIBRARY = "libc++";
				CLANG_ENABLE_MODULES = YES;
				CLANG_ENABLE_OBJC_ARC = YES;
				CLANG_ENABLE_OBJC_WEAK = YES;
				CLANG_WARN_BLOCK_CAPTURE_AUTORELEASING = YES;
				CLANG_WARN_BOOL_CONVERSION = YES;
				CLANG_WARN_COMMA = YES;
				CLANG_WARN_CONSTANT_CONVERSION = YES;
				CLANG_WARN_DEPRECATED_OBJC_IMPLEMENTATIONS = YES;
				CLANG_WARN_DIRECT_OBJC_ISA_USAGE = YES_ERROR;
				CLANG_WARN_DOCUMENTATION_COMMENTS = YES;
				CLANG_WARN_EMPTY_BODY = YES;
				CLANG_WARN_ENUM_CONVERSION = YES;
				CLANG_WARN_INFINITE_RECURSION = YES;
				CLANG_WARN_INT_CONVERSION = YES;
				CLANG_WARN_NON_LITERAL_NULL_CONVERSION = YES;
				CLANG_WARN_OBJC_IMPLICIT_RETAIN_SELF = YES;
				CLANG_WARN_OBJC_LITERAL_CONVERSION = YES;
				CLANG_WARN_OBJC_ROOT_CLASS = YES_ERROR;
				CLANG_WARN_QUOTED_INCLUDE_IN_FRAMEWORK_HEADER = YES;
				CLANG_WARN_RANGE_LOOP_ANALYSIS = YES;
				CLANG_WARN_STRICT_PROTOTYPES = YES;
				CLANG_WARN_SUSPICIOUS_MOVE = YES;
				CLANG_WARN_UNGUARDED_AVAILABILITY = YES_AGGRESSIVE;
				CLANG_WARN_UNREACHABLE_CODE = YES;
				CLANG_WARN__DUPLICATE_METHOD_MATCH = YES;
				COPY_PHASE_STRIP = NO;
				DEBUG_INFORMATION_FORMAT = dwarf;
				ENABLE_STRICT_OBJC_MSGSEND = YES;
				ENABLE_TESTABILITY = YES;
				GCC_C_LANGUAGE_STANDARD = gnu11;
				GCC_DYNAMIC_NO_PIC = NO;
				GCC_NO_COMMON_BLOCKS = YES;
				GCC_OPTIMIZATION_LEVEL = 0;
				GCC_PREPROCESSOR_DEFINITIONS = (
					"DEBUG=1",
					"$(inherited)",
				);
				GCC_WARN_64_TO_32_BIT_CONVERSION = YES;
				GCC_WARN_ABOUT_RETURN_TYPE = YES_ERROR;
				GCC_WARN_UNDECLARED_SELECTOR = YES;
				GCC_WARN_UNINITIALIZED_AUTOS = YES_AGGRESSIVE;
				GCC_WARN_UNUSED_FUNCTION = YES;
				GCC_WARN_UNUSED_VARIABLE = YES;
				IPHONEOS_DEPLOYMENT_TARGET = 13.0;
				MTL_ENABLE_DEBUG_INFO = INCLUDE_SOURCE;
				MTL_FAST_MATH = YES;
				ONLY_ACTIVE_ARCH = YES;
				SDKROOT = iphoneos;
			};
			name = Debug;
		};
		E48EF5E024EE28840018D0FD /* Release */ = {
			isa = XCBuildConfiguration;
			buildSettings = {
				ALWAYS_SEARCH_USER_PATHS = NO;
				CLANG_ANALYZER_NONNULL = YES;
				CLANG_ANALYZER_NUMBER_OBJECT_CONVERSION = YES_AGGRESSIVE;
				CLANG_CXX_LANGUAGE_STANDARD = "gnu++14";
				CLANG_CXX_LIBRARY = "libc++";
				CLANG_ENABLE_MODULES = YES;
				CLANG_ENABLE_OBJC_ARC = YES;
				CLANG_ENABLE_OBJC_WEAK = YES;
				CLANG_WARN_BLOCK_CAPTURE_AUTORELEASING = YES;
				CLANG_WARN_BOOL_CONVERSION = YES;
				CLANG_WARN_COMMA = YES;
				CLANG_WARN_CONSTANT_CONVERSION = YES;
				CLANG_WARN_DEPRECATED_OBJC_IMPLEMENTATIONS = YES;
				CLANG_WARN_DIRECT_OBJC_ISA_USAGE = YES_ERROR;
				CLANG_WARN_DOCUMENTATION_COMMENTS = YES;
				CLANG_WARN_EMPTY_BODY = YES;
				CLANG_WARN_ENUM_CONVERSION = YES;
				CLANG_WARN_INFINITE_RECURSION = YES;
				CLANG_WARN_INT_CONVERSION = YES;
				CLANG_WARN_NON_LITERAL_NULL_CONVERSION = YES;
				CLANG_WARN_OBJC_IMPLICIT_RETAIN_SELF = YES;
				CLANG_WARN_OBJC_LITERAL_CONVERSION = YES;
				CLANG_WARN_OBJC_ROOT_CLASS = YES_ERROR;
				CLANG_WARN_QUOTED_INCLUDE_IN_FRAMEWORK_HEADER = YES;
				CLANG_WARN_RANGE_LOOP_ANALYSIS = YES;
				CLANG_WARN_STRICT_PROTOTYPES = YES;
				CLANG_WARN_SUSPICIOUS_MOVE = YES;
				CLANG_WARN_UNGUARDED_AVAILABILITY = YES_AGGRESSIVE;
				CLANG_WARN_UNREACHABLE_CODE = YES;
				CLANG_WARN__DUPLICATE_METHOD_MATCH = YES;
				COPY_PHASE_STRIP = NO;
				DEBUG_INFORMATION_FORMAT = "dwarf-with-dsym";
				ENABLE_NS_ASSERTIONS = NO;
				ENABLE_STRICT_OBJC_MSGSEND = YES;
				GCC_C_LANGUAGE_STANDARD = gnu11;
				GCC_NO_COMMON_BLOCKS = YES;
				GCC_WARN_64_TO_32_BIT_CONVERSION = YES;
				GCC_WARN_ABOUT_RETURN_TYPE = YES_ERROR;
				GCC_WARN_UNDECLARED_SELECTOR = YES;
				GCC_WARN_UNINITIALIZED_AUTOS = YES_AGGRESSIVE;
				GCC_WARN_UNUSED_FUNCTION = YES;
				GCC_WARN_UNUSED_VARIABLE = YES;
				IPHONEOS_DEPLOYMENT_TARGET = 13.0;
				MTL_ENABLE_DEBUG_INFO = NO;
				MTL_FAST_MATH = YES;
				SDKROOT = iphoneos;
				VALIDATE_PRODUCT = YES;
			};
			name = Release;
		};
		E48EF5E224EE28840018D0FD /* Debug */ = {
			isa = XCBuildConfiguration;
			baseConfigurationReference = 6E491E532D48F327EEEF6E13 /* Pods-STInterViewProject.debug.xcconfig */;
			buildSettings = {
				ASSETCATALOG_COMPILER_APPICON_NAME = AppIcon;
				CLANG_ENABLE_OBJC_ARC = YES;
				CODE_SIGN_IDENTITY = "Apple Development";
				CODE_SIGN_STYLE = Automatic;
				DEVELOPMENT_TEAM = "";
				ENABLE_STRICT_OBJC_MSGSEND = NO;
				INFOPLIST_FILE = "$(SRCROOT)/STInterViewProject/Info.plist";
				LD_RUNPATH_SEARCH_PATHS = (
					"$(inherited)",
					"@executable_path/Frameworks",
				);
				PRODUCT_BUNDLE_IDENTIFIER = com.knowin.STInterViewProject;
				PRODUCT_NAME = "$(TARGET_NAME)";
				PROVISIONING_PROFILE_SPECIFIER = "";
				TARGETED_DEVICE_FAMILY = "1,2";
			};
			name = Debug;
		};
		E48EF5E324EE28840018D0FD /* Release */ = {
			isa = XCBuildConfiguration;
			baseConfigurationReference = AAEEF9C29FE9DC5232C8C12D /* Pods-STInterViewProject.release.xcconfig */;
			buildSettings = {
				ASSETCATALOG_COMPILER_APPICON_NAME = AppIcon;
				CLANG_ENABLE_OBJC_ARC = YES;
				CODE_SIGN_IDENTITY = "Apple Development";
				CODE_SIGN_STYLE = Automatic;
				DEVELOPMENT_TEAM = "";
				ENABLE_STRICT_OBJC_MSGSEND = NO;
				INFOPLIST_FILE = "$(SRCROOT)/STInterViewProject/Info.plist";
				LD_RUNPATH_SEARCH_PATHS = (
					"$(inherited)",
					"@executable_path/Frameworks",
				);
				PRODUCT_BUNDLE_IDENTIFIER = com.knowin.STInterViewProject;
				PRODUCT_NAME = "$(TARGET_NAME)";
				PROVISIONING_PROFILE_SPECIFIER = "";
				TARGETED_DEVICE_FAMILY = "1,2";
			};
			name = Release;
		};
		E4CBCBE6268DB3A0004F13AC /* Debug */ = {
			isa = XCBuildConfiguration;
			buildSettings = {
				CLANG_WARN_QUOTED_INCLUDE_IN_FRAMEWORK_HEADER = YES;
				CODE_SIGN_IDENTITY = "-";
				CODE_SIGN_STYLE = Automatic;
				DEVELOPMENT_TEAM = 8D4LL3H2G7;
				ENABLE_HARDENED_RUNTIME = YES;
				ENABLE_STRICT_OBJC_MSGSEND = NO;
				MACOSX_DEPLOYMENT_TARGET = 10.15;
				PRODUCT_NAME = "$(TARGET_NAME)";
				SDKROOT = macosx;
			};
			name = Debug;
		};
		E4CBCBE7268DB3A0004F13AC /* Release */ = {
			isa = XCBuildConfiguration;
			buildSettings = {
				CLANG_WARN_QUOTED_INCLUDE_IN_FRAMEWORK_HEADER = YES;
				CODE_SIGN_IDENTITY = "-";
				CODE_SIGN_STYLE = Automatic;
				DEVELOPMENT_TEAM = 8D4LL3H2G7;
				ENABLE_HARDENED_RUNTIME = YES;
				ENABLE_STRICT_OBJC_MSGSEND = NO;
				MACOSX_DEPLOYMENT_TARGET = 10.15;
				PRODUCT_NAME = "$(TARGET_NAME)";
				SDKROOT = macosx;
			};
			name = Release;
		};
/* End XCBuildConfiguration section */

/* Begin XCConfigurationList section */
		E43B7CA326EA01080029AF20 /* Build configuration list for PBXNativeTarget "STLRUCache" */ = {
			isa = XCConfigurationList;
			buildConfigurations = (
				E43B7CA426EA01080029AF20 /* Debug */,
				E43B7CA526EA01080029AF20 /* Release */,
			);
			defaultConfigurationIsVisible = 0;
			defaultConfigurationName = Release;
		};
		E46216B6268181840048C004 /* Build configuration list for PBXNativeTarget "STArithmetic" */ = {
			isa = XCConfigurationList;
			buildConfigurations = (
				E46216B4268181840048C004 /* Debug */,
				E46216B5268181840048C004 /* Release */,
			);
			defaultConfigurationIsVisible = 0;
			defaultConfigurationName = Release;
		};
		E48EF5AD24EE287E0018D0FD /* Build configuration list for PBXProject "STInterViewProject" */ = {
			isa = XCConfigurationList;
			buildConfigurations = (
				E48EF5DF24EE28840018D0FD /* Debug */,
				E48EF5E024EE28840018D0FD /* Release */,
			);
			defaultConfigurationIsVisible = 0;
			defaultConfigurationName = Release;
		};
		E48EF5E124EE28840018D0FD /* Build configuration list for PBXNativeTarget "STInterViewProject" */ = {
			isa = XCConfigurationList;
			buildConfigurations = (
				E48EF5E224EE28840018D0FD /* Debug */,
				E48EF5E324EE28840018D0FD /* Release */,
			);
			defaultConfigurationIsVisible = 0;
			defaultConfigurationName = Release;
		};
		E4CBCBE8268DB3A0004F13AC /* Build configuration list for PBXNativeTarget "OC对象本质" */ = {
			isa = XCConfigurationList;
			buildConfigurations = (
				E4CBCBE6268DB3A0004F13AC /* Debug */,
				E4CBCBE7268DB3A0004F13AC /* Release */,
			);
			defaultConfigurationIsVisible = 0;
			defaultConfigurationName = Release;
		};
/* End XCConfigurationList section */
	};
	rootObject = E48EF5AA24EE287E0018D0FD /* Project object */;
}
